{
  "name": "evstore",
  "version": "0.0.1",
  "lockfileVersion": 1,
  "requires": true,
  "dependencies": {
    "arangodb-error-codes": {
      "version": "1.0.6",
      "resolved": "https://registry.npmjs.org/arangodb-error-codes/-/arangodb-error-codes-1.0.6.tgz",
      "integrity": "sha512-HYCLg258BIQslcu7tIdXh2Jkm0VIeJzGJ9t6OiA7A7OyUSZtf7Hz2vCRfIDDAJfhxOy7iGmvyN+b7AncBmSeIg=="
    },
    "jiff": {
      "version": "0.7.3",
      "resolved": "https://registry.npmjs.org/jiff/-/jiff-0.7.3.tgz",
      "integrity": "sha1-QttdkUDxgEOZu1AXRwValDT0D0Y="
    }
  }
}
